{
  "lockfileVersion": 2,
  "configVersion": 1,
  "workspaces": {
    "": {
      "name": "pecu-motion",
      "dependencies": {
        "playwright-core": "1.52.0",
      },
    },
  },
  "packages": {
    "playwright-core": ["playwright-core@1.52.0", "", { "bin": { "playwright-core": "cli.js" } }, "sha512-l2osTgLXSMeuLZOML9qYODUQoPPnUsKsb5/P6LJ2e6uPKXUdPK5WYhN4z03G+YNbWmGDY4YENauNu4ZKczreHg=="],
  }
}
